
Microsoft Visual Studio Solution File, Format Version 12.00
# Visual Studio Version 16
VisualStudioVersion = 16.0.31911.196
MinimumVisualStudioVersion = 10.0.40219.1
Project("{9A19103F-16F7-4668-BE54-9A1E7A4F7556}") = "to-do2", "to-do2.csproj", "{9705F864-1460-4EC8-9CAA-821161FD9BCA}"
EndProject
Global
	GlobalSection(SolutionConfigurationPlatforms) = preSolution
		Debug|Any CPU = Debug|Any CPU
		Release|Any CPU = Release|Any CPU
	EndGlobalSection
	GlobalSection(ProjectConfigurationPlatforms) = postSolution
		{9705F864-1460-4EC8-9CAA-821161FD9BCA}.Debug|Any CPU.ActiveCfg = Debug|Any CPU
		{9705F864-1460-4EC8-9CAA-821161FD9BCA}.Debug|Any CPU.Build.0 = Debug|Any CPU
		{9705F864-1460-4EC8-9CAA-821161FD9BCA}.Release|Any CPU.ActiveCfg = Release|Any CPU
		{9705F864-1460-4EC8-9CAA-821161FD9BCA}.Release|Any CPU.Build.0 = Release|Any CPU
	EndGlobalSection
	GlobalSection(SolutionProperties) = preSolution
		HideSolutionNode = FALSE
	EndGlobalSection
	GlobalSection(ExtensibilityGlobals) = postSolution
		SolutionGuid = {3A5AFF20-8EA9-475D-9AEC-E7623C95BB97}
	EndGlobalSection
EndGlobal
